
Microsoft Visual Studio Solution File, Format Version 12.00
# Visual Studio 14
VisualStudioVersion = 14.0.25123.0
MinimumVisualStudioVersion = 10.0.40219.1
Project("{FAE04EC0-301F-11D3-BF4B-00C04F79EFBC}") = "SmartHotEdit", "SmartHotEdit\SmartHotEdit.csproj", "{3F876DBE-B304-4453-AC24-A8077191EF4C}"
	ProjectSection(ProjectDependencies) = postProject
		{0E4ACF29-6D40-47E2-864D-ABDB6A89F231} = {0E4ACF29-6D40-47E2-864D-ABDB6A89F231}
		{B46E932B-E19B-49B7-B2F7-714144E73EBF} = {B46E932B-E19B-49B7-B2F7-714144E73EBF}
		{80725890-1B16-4FC9-96A8-3007439B6519} = {80725890-1B16-4FC9-96A8-3007439B6519}
		{F9A175E9-1871-4C71-83DF-985F4E447996} = {F9A175E9-1871-4C71-83DF-985F4E447996}
	EndProjectSection
EndProject
Project("{FAE04EC0-301F-11D3-BF4B-00C04F79EFBC}") = "SmartHotEditPluginHost", "SmartHotEditPluginHost\SmartHotEditPluginHost.csproj", "{F9A175E9-1871-4C71-83DF-985F4E447996}"
EndProject
Project("{FAE04EC0-301F-11D3-BF4B-00C04F79EFBC}") = "SmartHotEditBasePlugins", "SmartHotEditBasePlugins\SmartHotEditBasePlugins.csproj", "{0E4ACF29-6D40-47E2-864D-ABDB6A89F231}"
	ProjectSection(ProjectDependencies) = postProject
		{F9A175E9-1871-4C71-83DF-985F4E447996} = {F9A175E9-1871-4C71-83DF-985F4E447996}
	EndProjectSection
EndProject
Project("{FAE04EC0-301F-11D3-BF4B-00C04F79EFBC}") = "SmartHotEditLuaPlugins", "SmartHotEditLuaPlugins\SmartHotEditLuaPlugins.csproj", "{B46E932B-E19B-49B7-B2F7-714144E73EBF}"
EndProject
Project("{FAE04EC0-301F-11D3-BF4B-00C04F79EFBC}") = "SmartHotEditPythonPlugins", "SmartHotEditPythonPlugins\SmartHotEditPythonPlugins.csproj", "{EB591EDF-6836-4799-960B-7860AFA629C7}"
	ProjectSection(ProjectDependencies) = postProject
		{F9A175E9-1871-4C71-83DF-985F4E447996} = {F9A175E9-1871-4C71-83DF-985F4E447996}
	EndProjectSection
EndProject
Project("{FAE04EC0-301F-11D3-BF4B-00C04F79EFBC}") = "SmartHotEditJavascriptPlugins", "SmartHotEditJavascriptPlugins\SmartHotEditJavascriptPlugins.csproj", "{80725890-1B16-4FC9-96A8-3007439B6519}"
EndProject
Global
	GlobalSection(SolutionConfigurationPlatforms) = preSolution
		Debug|Any CPU = Debug|Any CPU
		Release|Any CPU = Release|Any CPU
	EndGlobalSection
	GlobalSection(ProjectConfigurationPlatforms) = postSolution
		{3F876DBE-B304-4453-AC24-A8077191EF4C}.Debug|Any CPU.ActiveCfg = Debug|Any CPU
		{3F876DBE-B304-4453-AC24-A8077191EF4C}.Debug|Any CPU.Build.0 = Debug|Any CPU
		{3F876DBE-B304-4453-AC24-A8077191EF4C}.Release|Any CPU.ActiveCfg = Release|Any CPU
		{3F876DBE-B304-4453-AC24-A8077191EF4C}.Release|Any CPU.Build.0 = Release|Any CPU
		{F9A175E9-1871-4C71-83DF-985F4E447996}.Debug|Any CPU.ActiveCfg = Debug|Any CPU
		{F9A175E9-1871-4C71-83DF-985F4E447996}.Debug|Any CPU.Build.0 = Debug|Any CPU
		{F9A175E9-1871-4C71-83DF-985F4E447996}.Release|Any CPU.ActiveCfg = Release|Any CPU
		{F9A175E9-1871-4C71-83DF-985F4E447996}.Release|Any CPU.Build.0 = Release|Any CPU
		{0E4ACF29-6D40-47E2-864D-ABDB6A89F231}.Debug|Any CPU.ActiveCfg = Debug|Any CPU
		{0E4ACF29-6D40-47E2-864D-ABDB6A89F231}.Debug|Any CPU.Build.0 = Debug|Any CPU
		{0E4ACF29-6D40-47E2-864D-ABDB6A89F231}.Release|Any CPU.ActiveCfg = Release|Any CPU
		{0E4ACF29-6D40-47E2-864D-ABDB6A89F231}.Release|Any CPU.Build.0 = Release|Any CPU
		{B46E932B-E19B-49B7-B2F7-714144E73EBF}.Debug|Any CPU.ActiveCfg = Debug|Any CPU
		{B46E932B-E19B-49B7-B2F7-714144E73EBF}.Debug|Any CPU.Build.0 = Debug|Any CPU
		{B46E932B-E19B-49B7-B2F7-714144E73EBF}.Release|Any CPU.ActiveCfg = Release|Any CPU
		{B46E932B-E19B-49B7-B2F7-714144E73EBF}.Release|Any CPU.Build.0 = Release|Any CPU
		{EB591EDF-6836-4799-960B-7860AFA629C7}.Debug|Any CPU.ActiveCfg = Debug|Any CPU
		{EB591EDF-6836-4799-960B-7860AFA629C7}.Debug|Any CPU.Build.0 = Debug|Any CPU
		{EB591EDF-6836-4799-960B-7860AFA629C7}.Release|Any CPU.ActiveCfg = Release|Any CPU
		{EB591EDF-6836-4799-960B-7860AFA629C7}.Release|Any CPU.Build.0 = Release|Any CPU
		{80725890-1B16-4FC9-96A8-3007439B6519}.Debug|Any CPU.ActiveCfg = Debug|Any CPU
		{80725890-1B16-4FC9-96A8-3007439B6519}.Debug|Any CPU.Build.0 = Debug|Any CPU
		{80725890-1B16-4FC9-96A8-3007439B6519}.Release|Any CPU.ActiveCfg = Release|Any CPU
		{80725890-1B16-4FC9-96A8-3007439B6519}.Release|Any CPU.Build.0 = Release|Any CPU
	EndGlobalSection
	GlobalSection(SolutionProperties) = preSolution
		HideSolutionNode = FALSE
	EndGlobalSection
EndGlobal
